{
  "requires": true,
  "lockfileVersion": 1,
  "dependencies": {
    "@remix-run/router": {
      "version": "1.0.0",
      "resolved": "http://r.npm.sankuai.com/@remix-run/router/download/@remix-run/router-1.0.0.tgz",
      "integrity": "sha1-ohiTNaX2QoqpBMzCkZiFZwGLbgE="
    },
    "react-router": {
      "version": "6.4.0",
      "resolved": "http://r.npm.sankuai.com/react-router/download/react-router-6.4.0.tgz",
      "integrity": "sha1-aEScI9yJP8elfbBowZmHvh3nLts=",
      "requires": {
        "@remix-run/router": "1.0.0"
      }
    },
    "react-router-dom": {
      "version": "6.4.0",
      "resolved": "http://r.npm.sankuai.com/react-router-dom/download/react-router-dom-6.4.0.tgz",
      "integrity": "sha1-p9fDlMnnMLBFzdT11sLRzLniaUc=",
      "requires": {
        "react-router": "6.4.0"
      }
    }
  }
}
